{
  "name": "b",
  "version": "1.0.0",
  "lockfileVersion": 2,
  "requires": true,
  "packages": {
    "": {
      "name": "b",
      "version": "1.0.0",
      "license": "MIT",
      "dependencies": {
        "fs": "^0.0.1-security",
        "magnet-uri": "^7.0.3",
        "typescript": "^4.9.5"
      },
      "devDependencies": {
        "@types/magnet-uri": "^5.1.3",
        "@types/node": "^18.14.6"
      }
    },
    "node_modules/@types/magnet-uri": {
      "version": "5.1.3",
      "resolved": "https://registry.npmjs.org/@types/magnet-uri/-/magnet-uri-5.1.3.tgz",
      "integrity": "sha512-FvJN1yYdLhvU6zWJ2YnWQ2GnpFLsA8bt+85WY0tLh6ehzGNrvBorjlcc53/zY43r/IKn+ctFs1nt7andwGnQCQ==",
      "dev": true,
      "dependencies": {
        "@types/node": "*"
      }
    },
    "node_modules/@types/node": {
      "version": "18.14.6",
      "resolved": "https://registry.npmjs.org/@types/node/-/node-18.14.6.tgz",
      "integrity": "sha512-93+VvleD3mXwlLI/xASjw0FzKcwzl3OdTCzm1LaRfqgS21gfFtK3zDXM5Op9TeeMsJVOaJ2VRDpT9q4Y3d0AvA==",
      "dev": true
    },
    "node_modules/base64-arraybuffer": {
      "version": "1.0.2",
      "resolved": "https://registry.npmjs.org/base64-arraybuffer/-/base64-arraybuffer-1.0.2.tgz",
      "integrity": "sha512-I3yl4r9QB5ZRY3XuJVEPfc2XhZO6YweFPI+UovAzn+8/hb3oJ6lnysaFcjVpkCPfVWFUDvoZ8kmVDP7WyRtYtQ==",
      "engines": {
        "node": ">= 0.6.0"
      }
    },
    "node_modules/bep53-range": {
      "version": "2.0.0",
      "resolved": "https://registry.npmjs.org/bep53-range/-/bep53-range-2.0.0.tgz",
      "integrity": "sha512-sMm2sV5PRs0YOVk0LTKtjuIprVzxgTQUsrGX/7Yph2Rm4FO2Fqqtq7hNjsOB5xezM4v4+5rljCgK++UeQJZguA==",
      "engines": {
        "node": ">=12.20.0"
      }
    },
    "node_modules/fs": {
      "version": "0.0.1-security",
      "resolved": "https://registry.npmjs.org/fs/-/fs-0.0.1-security.tgz",
      "integrity": "sha512-3XY9e1pP0CVEUCdj5BmfIZxRBTSDycnbqhIOGec9QYtmVH2fbLpj86CFWkrNOkt/Fvty4KZG5lTglL9j/gJ87w=="
    },
    "node_modules/magnet-uri": {
      "version": "7.0.3",
      "resolved": "https://registry.npmjs.org/magnet-uri/-/magnet-uri-7.0.3.tgz",
      "integrity": "sha512-Msv4fAroG2x1REbYw7G3FQHUtlGrscNTQuI9CkWGw0y0m/7CgxpXz0EjmQKYKrrLcQrvZXVEUG1phsJhHJbbzA==",
      "funding": [
        {
          "type": "github",
          "url": "https://github.com/sponsors/feross"
        },
        {
          "type": "patreon",
          "url": "https://www.patreon.com/feross"
        },
        {
          "type": "consulting",
          "url": "https://feross.org/support"
        }
      ],
      "dependencies": {
        "bep53-range": "^2.0.0",
        "thirty-two": "^1.0.2",
        "uint8-util": "^2.1.9"
      },
      "engines": {
        "node": ">=12.20.0"
      }
    },
    "node_modules/thirty-two": {
      "version": "1.0.2",
      "resolved": "https://registry.npmjs.org/thirty-two/-/thirty-two-1.0.2.tgz",
      "integrity": "sha512-OEI0IWCe+Dw46019YLl6V10Us5bi574EvlJEOcAkB29IzQ/mYD1A6RyNHLjZPiHCmuodxvgF6U+vZO1L15lxVA==",
      "engines": {
        "node": ">=0.2.6"
      }
    },
    "node_modules/typescript": {
      "version": "4.9.5",
      "resolved": "https://registry.npmjs.org/typescript/-/typescript-4.9.5.tgz",
      "integrity": "sha512-1FXk9E2Hm+QzZQ7z+McJiHL4NW1F2EzMu9Nq9i3zAaGqibafqYwCVU6WyWAuyQRRzOlxou8xZSyXLEN8oKj24g==",
      "bin": {
        "tsc": "bin/tsc",
        "tsserver": "bin/tsserver"
      },
      "engines": {
        "node": ">=4.2.0"
      }
    },
    "node_modules/uint8-util": {
      "version": "2.1.9",
      "resolved": "https://registry.npmjs.org/uint8-util/-/uint8-util-2.1.9.tgz",
      "integrity": "sha512-twtktH1wpZwM8ivYXs2HL3nqHRosKGOxrPnfLxqYnzOR0RrIKbn/GrUZinXJ9n8tWzW8VIW++IpES4LYtGHSDQ==",
      "dependencies": {
        "base64-arraybuffer": "^1.0.2"
      }
    }
  },
  "dependencies": {
    "@types/magnet-uri": {
      "version": "5.1.3",
      "resolved": "https://registry.npmjs.org/@types/magnet-uri/-/magnet-uri-5.1.3.tgz",
      "integrity": "sha512-FvJN1yYdLhvU6zWJ2YnWQ2GnpFLsA8bt+85WY0tLh6ehzGNrvBorjlcc53/zY43r/IKn+ctFs1nt7andwGnQCQ==",
      "dev": true,
      "requires": {
        "@types/node": "*"
      }
    },
    "@types/node": {
      "version": "18.14.6",
      "resolved": "https://registry.npmjs.org/@types/node/-/node-18.14.6.tgz",
      "integrity": "sha512-93+VvleD3mXwlLI/xASjw0FzKcwzl3OdTCzm1LaRfqgS21gfFtK3zDXM5Op9TeeMsJVOaJ2VRDpT9q4Y3d0AvA==",
      "dev": true
    },
    "base64-arraybuffer": {
      "version": "1.0.2",
      "resolved": "https://registry.npmjs.org/base64-arraybuffer/-/base64-arraybuffer-1.0.2.tgz",
      "integrity": "sha512-I3yl4r9QB5ZRY3XuJVEPfc2XhZO6YweFPI+UovAzn+8/hb3oJ6lnysaFcjVpkCPfVWFUDvoZ8kmVDP7WyRtYtQ=="
    },
    "bep53-range": {
      "version": "2.0.0",
      "resolved": "https://registry.npmjs.org/bep53-range/-/bep53-range-2.0.0.tgz",
      "integrity": "sha512-sMm2sV5PRs0YOVk0LTKtjuIprVzxgTQUsrGX/7Yph2Rm4FO2Fqqtq7hNjsOB5xezM4v4+5rljCgK++UeQJZguA=="
    },
    "fs": {
      "version": "0.0.1-security",
      "resolved": "https://registry.npmjs.org/fs/-/fs-0.0.1-security.tgz",
      "integrity": "sha512-3XY9e1pP0CVEUCdj5BmfIZxRBTSDycnbqhIOGec9QYtmVH2fbLpj86CFWkrNOkt/Fvty4KZG5lTglL9j/gJ87w=="
    },
    "magnet-uri": {
      "version": "7.0.3",
      "resolved": "https://registry.npmjs.org/magnet-uri/-/magnet-uri-7.0.3.tgz",
      "integrity": "sha512-Msv4fAroG2x1REbYw7G3FQHUtlGrscNTQuI9CkWGw0y0m/7CgxpXz0EjmQKYKrrLcQrvZXVEUG1phsJhHJbbzA==",
      "requires": {
        "bep53-range": "^2.0.0",
        "thirty-two": "^1.0.2",
        "uint8-util": "^2.1.9"
      }
    },
    "thirty-two": {
      "version": "1.0.2",
      "resolved": "https://registry.npmjs.org/thirty-two/-/thirty-two-1.0.2.tgz",
      "integrity": "sha512-OEI0IWCe+Dw46019YLl6V10Us5bi574EvlJEOcAkB29IzQ/mYD1A6RyNHLjZPiHCmuodxvgF6U+vZO1L15lxVA=="
    },
    "typescript": {
      "version": "4.9.5",
      "resolved": "https://registry.npmjs.org/typescript/-/typescript-4.9.5.tgz",
      "integrity": "sha512-1FXk9E2Hm+QzZQ7z+McJiHL4NW1F2EzMu9Nq9i3zAaGqibafqYwCVU6WyWAuyQRRzOlxou8xZSyXLEN8oKj24g=="
    },
    "uint8-util": {
      "version": "2.1.9",
      "resolved": "https://registry.npmjs.org/uint8-util/-/uint8-util-2.1.9.tgz",
      "integrity": "sha512-twtktH1wpZwM8ivYXs2HL3nqHRosKGOxrPnfLxqYnzOR0RrIKbn/GrUZinXJ9n8tWzW8VIW++IpES4LYtGHSDQ==",
      "requires": {
        "base64-arraybuffer": "^1.0.2"
      }
    }
  }
}
